{
  "name": "private-route",
  "version": "1.0.0",
  "lockfileVersion": 2,
  "requires": true,
  "packages": {
    "": {
      "name": "private-route",
      "version": "1.0.0",
      "license": "ISC",
      "dependencies": {
        "@picocss/pico": "^1.5.2"
      }
    },
    "node_modules/@picocss/pico": {
      "version": "1.5.2",
      "resolved": "https://registry.npmjs.org/@picocss/pico/-/pico-1.5.2.tgz",
      "integrity": "sha512-Y7LepVImg0CmRDT4W3iiO7SzGcB0MgGWoHCmn72fIZgFRQHck/LgnYb2S5lwmJPncMssPta1UwKxVQacadoaqw=="
    }
  },
  "dependencies": {
    "@picocss/pico": {
      "version": "1.5.2",
      "resolved": "https://registry.npmjs.org/@picocss/pico/-/pico-1.5.2.tgz",
      "integrity": "sha512-Y7LepVImg0CmRDT4W3iiO7SzGcB0MgGWoHCmn72fIZgFRQHck/LgnYb2S5lwmJPncMssPta1UwKxVQacadoaqw=="
    }
  }
}
